
Microsoft Visual Studio Solution File, Format Version 12.00
# Visual Studio Version 16
VisualStudioVersion = 16.0.30114.105
MinimumVisualStudioVersion = 10.0.40219.1
Project("{8BC9CEB8-8B4A-11D0-8D11-00A0C91BC942}") = "lib_json", "lib_json\lib_json.vcxproj", "{F3BF99AD-9850-4F67-BC7D-488C296A1848}"
EndProject
Project("{8BC9CEB8-8B4A-11D0-8D11-00A0C91BC942}") = "coolq_sdk_x", "coolq_sdk_x\coolq_sdk_x.vcxproj", "{B0CF1EEC-A3D1-4111-875C-80E39FC1134C}"
	ProjectSection(ProjectDependencies) = postProject
		{747FC82E-9DE4-46CA-A200-62C9B81719D6} = {747FC82E-9DE4-46CA-A200-62C9B81719D6}
		{7389F1A1-645F-4C1E-BCD6-90C366A64F0B} = {7389F1A1-645F-4C1E-BCD6-90C366A64F0B}
		{F3BF99AD-9850-4F67-BC7D-488C296A1848} = {F3BF99AD-9850-4F67-BC7D-488C296A1848}
	EndProjectSection
EndProject
Project("{8BC9CEB8-8B4A-11D0-8D11-00A0C91BC942}") = "CQPlus.Api", "CQPlus.Api\CQPlus.Api.vcxproj", "{76596054-67FB-4168-9595-A35366327FA6}"
	ProjectSection(ProjectDependencies) = postProject
		{747FC82E-9DE4-46CA-A200-62C9B81719D6} = {747FC82E-9DE4-46CA-A200-62C9B81719D6}
		{7389F1A1-645F-4C1E-BCD6-90C366A64F0B} = {7389F1A1-645F-4C1E-BCD6-90C366A64F0B}
		{F3BF99AD-9850-4F67-BC7D-488C296A1848} = {F3BF99AD-9850-4F67-BC7D-488C296A1848}
		{B0CF1EEC-A3D1-4111-875C-80E39FC1134C} = {B0CF1EEC-A3D1-4111-875C-80E39FC1134C}
	EndProjectSection
EndProject
Project("{8BC9CEB8-8B4A-11D0-8D11-00A0C91BC942}") = "lib_utils", "lib_utils\lib_utils.vcxproj", "{7389F1A1-645F-4C1E-BCD6-90C366A64F0B}"
	ProjectSection(ProjectDependencies) = postProject
		{F3BF99AD-9850-4F67-BC7D-488C296A1848} = {F3BF99AD-9850-4F67-BC7D-488C296A1848}
	EndProjectSection
EndProject
Project("{8BC9CEB8-8B4A-11D0-8D11-00A0C91BC942}") = "lib_base64", "lib_base64\lib_base64.vcxproj", "{747FC82E-9DE4-46CA-A200-62C9B81719D6}"
EndProject
Project("{8BC9CEB8-8B4A-11D0-8D11-00A0C91BC942}") = "CQPlus.Script.Python37", "CQPlus.Script.Python37\CQPlus.Script.Python37.vcxproj", "{B2BE2AC2-2528-44F1-B1C4-ACC1881F1DBD}"
	ProjectSection(ProjectDependencies) = postProject
		{747FC82E-9DE4-46CA-A200-62C9B81719D6} = {747FC82E-9DE4-46CA-A200-62C9B81719D6}
		{76596054-67FB-4168-9595-A35366327FA6} = {76596054-67FB-4168-9595-A35366327FA6}
		{7389F1A1-645F-4C1E-BCD6-90C366A64F0B} = {7389F1A1-645F-4C1E-BCD6-90C366A64F0B}
		{F3BF99AD-9850-4F67-BC7D-488C296A1848} = {F3BF99AD-9850-4F67-BC7D-488C296A1848}
		{B0CF1EEC-A3D1-4111-875C-80E39FC1134C} = {B0CF1EEC-A3D1-4111-875C-80E39FC1134C}
	EndProjectSection
EndProject
Project("{8BC9CEB8-8B4A-11D0-8D11-00A0C91BC942}") = "demo", "demo\demo.vcxproj", "{7FBA81EB-5594-4459-ACE1-EEC2A940AF3E}"
	ProjectSection(ProjectDependencies) = postProject
		{7389F1A1-645F-4C1E-BCD6-90C366A64F0B} = {7389F1A1-645F-4C1E-BCD6-90C366A64F0B}
	EndProjectSection
EndProject
Global
	GlobalSection(SolutionConfigurationPlatforms) = preSolution
		Debug|Any CPU = Debug|Any CPU
		Debug|x64 = Debug|x64
		Debug|x86 = Debug|x86
		Release|Any CPU = Release|Any CPU
		Release|x64 = Release|x64
		Release|x86 = Release|x86
	EndGlobalSection
	GlobalSection(ProjectConfigurationPlatforms) = postSolution
		{F3BF99AD-9850-4F67-BC7D-488C296A1848}.Debug|Any CPU.ActiveCfg = Debug|Win32
		{F3BF99AD-9850-4F67-BC7D-488C296A1848}.Debug|Any CPU.Build.0 = Debug|Win32
		{F3BF99AD-9850-4F67-BC7D-488C296A1848}.Debug|x64.ActiveCfg = Debug|x64
		{F3BF99AD-9850-4F67-BC7D-488C296A1848}.Debug|x64.Build.0 = Debug|x64
		{F3BF99AD-9850-4F67-BC7D-488C296A1848}.Debug|x86.ActiveCfg = Debug|Win32
		{F3BF99AD-9850-4F67-BC7D-488C296A1848}.Debug|x86.Build.0 = Debug|Win32
		{F3BF99AD-9850-4F67-BC7D-488C296A1848}.Release|Any CPU.ActiveCfg = Release|Win32
		{F3BF99AD-9850-4F67-BC7D-488C296A1848}.Release|Any CPU.Build.0 = Release|Win32
		{F3BF99AD-9850-4F67-BC7D-488C296A1848}.Release|x64.ActiveCfg = Release|x64
		{F3BF99AD-9850-4F67-BC7D-488C296A1848}.Release|x64.Build.0 = Release|x64
		{F3BF99AD-9850-4F67-BC7D-488C296A1848}.Release|x86.ActiveCfg = Release|Win32
		{F3BF99AD-9850-4F67-BC7D-488C296A1848}.Release|x86.Build.0 = Release|Win32
		{B0CF1EEC-A3D1-4111-875C-80E39FC1134C}.Debug|Any CPU.ActiveCfg = Debug|Win32
		{B0CF1EEC-A3D1-4111-875C-80E39FC1134C}.Debug|Any CPU.Build.0 = Debug|Win32
		{B0CF1EEC-A3D1-4111-875C-80E39FC1134C}.Debug|x64.ActiveCfg = Debug|x64
		{B0CF1EEC-A3D1-4111-875C-80E39FC1134C}.Debug|x64.Build.0 = Debug|x64
		{B0CF1EEC-A3D1-4111-875C-80E39FC1134C}.Debug|x86.ActiveCfg = Debug|Win32
		{B0CF1EEC-A3D1-4111-875C-80E39FC1134C}.Debug|x86.Build.0 = Debug|Win32
		{B0CF1EEC-A3D1-4111-875C-80E39FC1134C}.Release|Any CPU.ActiveCfg = Release|Win32
		{B0CF1EEC-A3D1-4111-875C-80E39FC1134C}.Release|Any CPU.Build.0 = Release|Win32
		{B0CF1EEC-A3D1-4111-875C-80E39FC1134C}.Release|x64.ActiveCfg = Release|x64
		{B0CF1EEC-A3D1-4111-875C-80E39FC1134C}.Release|x64.Build.0 = Release|x64
		{B0CF1EEC-A3D1-4111-875C-80E39FC1134C}.Release|x86.ActiveCfg = Release|Win32
		{B0CF1EEC-A3D1-4111-875C-80E39FC1134C}.Release|x86.Build.0 = Release|Win32
		{76596054-67FB-4168-9595-A35366327FA6}.Debug|Any CPU.ActiveCfg = Debug|Win32
		{76596054-67FB-4168-9595-A35366327FA6}.Debug|Any CPU.Build.0 = Debug|Win32
		{76596054-67FB-4168-9595-A35366327FA6}.Debug|x64.ActiveCfg = Debug|x64
		{76596054-67FB-4168-9595-A35366327FA6}.Debug|x64.Build.0 = Debug|x64
		{76596054-67FB-4168-9595-A35366327FA6}.Debug|x86.ActiveCfg = Debug|Win32
		{76596054-67FB-4168-9595-A35366327FA6}.Debug|x86.Build.0 = Debug|Win32
		{76596054-67FB-4168-9595-A35366327FA6}.Release|Any CPU.ActiveCfg = Release|Win32
		{76596054-67FB-4168-9595-A35366327FA6}.Release|Any CPU.Build.0 = Release|Win32
		{76596054-67FB-4168-9595-A35366327FA6}.Release|x64.ActiveCfg = Release|x64
		{76596054-67FB-4168-9595-A35366327FA6}.Release|x64.Build.0 = Release|x64
		{76596054-67FB-4168-9595-A35366327FA6}.Release|x86.ActiveCfg = Release|Win32
		{76596054-67FB-4168-9595-A35366327FA6}.Release|x86.Build.0 = Release|Win32
		{7389F1A1-645F-4C1E-BCD6-90C366A64F0B}.Debug|Any CPU.ActiveCfg = Debug|Win32
		{7389F1A1-645F-4C1E-BCD6-90C366A64F0B}.Debug|Any CPU.Build.0 = Debug|Win32
		{7389F1A1-645F-4C1E-BCD6-90C366A64F0B}.Debug|x64.ActiveCfg = Debug|x64
		{7389F1A1-645F-4C1E-BCD6-90C366A64F0B}.Debug|x64.Build.0 = Debug|x64
		{7389F1A1-645F-4C1E-BCD6-90C366A64F0B}.Debug|x86.ActiveCfg = Debug|Win32
		{7389F1A1-645F-4C1E-BCD6-90C366A64F0B}.Debug|x86.Build.0 = Debug|Win32
		{7389F1A1-645F-4C1E-BCD6-90C366A64F0B}.Release|Any CPU.ActiveCfg = Release|Win32
		{7389F1A1-645F-4C1E-BCD6-90C366A64F0B}.Release|Any CPU.Build.0 = Release|Win32
		{7389F1A1-645F-4C1E-BCD6-90C366A64F0B}.Release|x64.ActiveCfg = Release|x64
		{7389F1A1-645F-4C1E-BCD6-90C366A64F0B}.Release|x64.Build.0 = Release|x64
		{7389F1A1-645F-4C1E-BCD6-90C366A64F0B}.Release|x86.ActiveCfg = Release|Win32
		{7389F1A1-645F-4C1E-BCD6-90C366A64F0B}.Release|x86.Build.0 = Release|Win32
		{747FC82E-9DE4-46CA-A200-62C9B81719D6}.Debug|Any CPU.ActiveCfg = Debug|Win32
		{747FC82E-9DE4-46CA-A200-62C9B81719D6}.Debug|Any CPU.Build.0 = Debug|Win32
		{747FC82E-9DE4-46CA-A200-62C9B81719D6}.Debug|x64.ActiveCfg = Debug|x64
		{747FC82E-9DE4-46CA-A200-62C9B81719D6}.Debug|x64.Build.0 = Debug|x64
		{747FC82E-9DE4-46CA-A200-62C9B81719D6}.Debug|x86.ActiveCfg = Debug|Win32
		{747FC82E-9DE4-46CA-A200-62C9B81719D6}.Debug|x86.Build.0 = Debug|Win32
		{747FC82E-9DE4-46CA-A200-62C9B81719D6}.Release|Any CPU.ActiveCfg = Release|Win32
		{747FC82E-9DE4-46CA-A200-62C9B81719D6}.Release|Any CPU.Build.0 = Release|Win32
		{747FC82E-9DE4-46CA-A200-62C9B81719D6}.Release|x64.ActiveCfg = Release|x64
		{747FC82E-9DE4-46CA-A200-62C9B81719D6}.Release|x64.Build.0 = Release|x64
		{747FC82E-9DE4-46CA-A200-62C9B81719D6}.Release|x86.ActiveCfg = Release|Win32
		{747FC82E-9DE4-46CA-A200-62C9B81719D6}.Release|x86.Build.0 = Release|Win32
		{B2BE2AC2-2528-44F1-B1C4-ACC1881F1DBD}.Debug|Any CPU.ActiveCfg = Debug|Win32
		{B2BE2AC2-2528-44F1-B1C4-ACC1881F1DBD}.Debug|Any CPU.Build.0 = Debug|Win32
		{B2BE2AC2-2528-44F1-B1C4-ACC1881F1DBD}.Debug|x64.ActiveCfg = Debug|x64
		{B2BE2AC2-2528-44F1-B1C4-ACC1881F1DBD}.Debug|x64.Build.0 = Debug|x64
		{B2BE2AC2-2528-44F1-B1C4-ACC1881F1DBD}.Debug|x86.ActiveCfg = Debug|Win32
		{B2BE2AC2-2528-44F1-B1C4-ACC1881F1DBD}.Debug|x86.Build.0 = Debug|Win32
		{B2BE2AC2-2528-44F1-B1C4-ACC1881F1DBD}.Release|Any CPU.ActiveCfg = Release|Win32
		{B2BE2AC2-2528-44F1-B1C4-ACC1881F1DBD}.Release|Any CPU.Build.0 = Release|Win32
		{B2BE2AC2-2528-44F1-B1C4-ACC1881F1DBD}.Release|x64.ActiveCfg = Release|x64
		{B2BE2AC2-2528-44F1-B1C4-ACC1881F1DBD}.Release|x64.Build.0 = Release|x64
		{B2BE2AC2-2528-44F1-B1C4-ACC1881F1DBD}.Release|x86.ActiveCfg = Release|Win32
		{B2BE2AC2-2528-44F1-B1C4-ACC1881F1DBD}.Release|x86.Build.0 = Release|Win32
		{7FBA81EB-5594-4459-ACE1-EEC2A940AF3E}.Debug|Any CPU.ActiveCfg = Debug|Win32
		{7FBA81EB-5594-4459-ACE1-EEC2A940AF3E}.Debug|x64.ActiveCfg = Debug|x64
		{7FBA81EB-5594-4459-ACE1-EEC2A940AF3E}.Debug|x64.Build.0 = Debug|x64
		{7FBA81EB-5594-4459-ACE1-EEC2A940AF3E}.Debug|x86.ActiveCfg = Debug|Win32
		{7FBA81EB-5594-4459-ACE1-EEC2A940AF3E}.Debug|x86.Build.0 = Debug|Win32
		{7FBA81EB-5594-4459-ACE1-EEC2A940AF3E}.Release|Any CPU.ActiveCfg = Release|Win32
		{7FBA81EB-5594-4459-ACE1-EEC2A940AF3E}.Release|Any CPU.Build.0 = Release|Win32
		{7FBA81EB-5594-4459-ACE1-EEC2A940AF3E}.Release|x64.ActiveCfg = Release|x64
		{7FBA81EB-5594-4459-ACE1-EEC2A940AF3E}.Release|x64.Build.0 = Release|x64
		{7FBA81EB-5594-4459-ACE1-EEC2A940AF3E}.Release|x86.ActiveCfg = Release|Win32
		{7FBA81EB-5594-4459-ACE1-EEC2A940AF3E}.Release|x86.Build.0 = Release|Win32
	EndGlobalSection
	GlobalSection(SolutionProperties) = preSolution
		HideSolutionNode = FALSE
	EndGlobalSection
	GlobalSection(ExtensibilityGlobals) = postSolution
		SolutionGuid = {BFF1E8E7-7871-4903-BCA2-22A2FC8523A2}
	EndGlobalSection
EndGlobal
